
Microsoft Visual Studio Solution File, Format Version 12.00
# Visual Studio Version 17
VisualStudioVersion = 17.9.34723.18
MinimumVisualStudioVersion = 10.0.40219.1
Project("{FAE04EC0-301F-11D3-BF4B-00C04F79EFBC}") = "EF Core 01. ADO .NET", "EF Core 01. ADO .NET\EF Core 01. ADO .NET.csproj", "{C50EA03D-468E-4337-848E-CF2ECD8A4D65}"
EndProject
Project("{2150E333-8FDC-42A3-9474-1A3956D46DE8}") = "EF Core 01", "EF Core 01", "{1A46C9FF-D835-48D8-A533-DB827E46B42E}"
EndProject
Project("{FAE04EC0-301F-11D3-BF4B-00C04F79EFBC}") = "EF Core 01. ADO Read Data", "EF Core 01. ADO Read Data\EF Core 01. ADO Read Data.csproj", "{8DB39AFF-7E83-4FCB-8FB8-AD0DF0FF6B0A}"
EndProject
Project("{FAE04EC0-301F-11D3-BF4B-00C04F79EFBC}") = "EF Core 01. MultiQuery", "EF Core 01. MultiQuery\EF Core 01. MultiQuery.csproj", "{DC791EA2-462D-4BF5-9577-80D4032234D7}"
EndProject
Project("{FAE04EC0-301F-11D3-BF4B-00C04F79EFBC}") = "EF Core 01. Configuration file", "EF Core 01. Configuration file\EF Core 01. Configuration file.csproj", "{ED1EE17D-8592-4FAF-B8FC-DE3E2D8AA907}"
EndProject
Project("{FAE04EC0-301F-11D3-BF4B-00C04F79EFBC}") = "EF Core 01. Parametrized Query", "EF Core 01. Parametrized Query\EF Core 01. Parametrized Query.csproj", "{92EF5272-260C-43FA-88BF-1C66F7BEE370}"
EndProject
Global
	GlobalSection(SolutionConfigurationPlatforms) = preSolution
		Debug|Any CPU = Debug|Any CPU
		Release|Any CPU = Release|Any CPU
	EndGlobalSection
	GlobalSection(ProjectConfigurationPlatforms) = postSolution
		{C50EA03D-468E-4337-848E-CF2ECD8A4D65}.Debug|Any CPU.ActiveCfg = Debug|Any CPU
		{C50EA03D-468E-4337-848E-CF2ECD8A4D65}.Debug|Any CPU.Build.0 = Debug|Any CPU
		{C50EA03D-468E-4337-848E-CF2ECD8A4D65}.Release|Any CPU.ActiveCfg = Release|Any CPU
		{C50EA03D-468E-4337-848E-CF2ECD8A4D65}.Release|Any CPU.Build.0 = Release|Any CPU
		{8DB39AFF-7E83-4FCB-8FB8-AD0DF0FF6B0A}.Debug|Any CPU.ActiveCfg = Debug|Any CPU
		{8DB39AFF-7E83-4FCB-8FB8-AD0DF0FF6B0A}.Debug|Any CPU.Build.0 = Debug|Any CPU
		{8DB39AFF-7E83-4FCB-8FB8-AD0DF0FF6B0A}.Release|Any CPU.ActiveCfg = Release|Any CPU
		{8DB39AFF-7E83-4FCB-8FB8-AD0DF0FF6B0A}.Release|Any CPU.Build.0 = Release|Any CPU
		{DC791EA2-462D-4BF5-9577-80D4032234D7}.Debug|Any CPU.ActiveCfg = Debug|Any CPU
		{DC791EA2-462D-4BF5-9577-80D4032234D7}.Debug|Any CPU.Build.0 = Debug|Any CPU
		{DC791EA2-462D-4BF5-9577-80D4032234D7}.Release|Any CPU.ActiveCfg = Release|Any CPU
		{DC791EA2-462D-4BF5-9577-80D4032234D7}.Release|Any CPU.Build.0 = Release|Any CPU
		{ED1EE17D-8592-4FAF-B8FC-DE3E2D8AA907}.Debug|Any CPU.ActiveCfg = Debug|Any CPU
		{ED1EE17D-8592-4FAF-B8FC-DE3E2D8AA907}.Debug|Any CPU.Build.0 = Debug|Any CPU
		{ED1EE17D-8592-4FAF-B8FC-DE3E2D8AA907}.Release|Any CPU.ActiveCfg = Release|Any CPU
		{ED1EE17D-8592-4FAF-B8FC-DE3E2D8AA907}.Release|Any CPU.Build.0 = Release|Any CPU
		{92EF5272-260C-43FA-88BF-1C66F7BEE370}.Debug|Any CPU.ActiveCfg = Debug|Any CPU
		{92EF5272-260C-43FA-88BF-1C66F7BEE370}.Debug|Any CPU.Build.0 = Debug|Any CPU
		{92EF5272-260C-43FA-88BF-1C66F7BEE370}.Release|Any CPU.ActiveCfg = Release|Any CPU
		{92EF5272-260C-43FA-88BF-1C66F7BEE370}.Release|Any CPU.Build.0 = Release|Any CPU
	EndGlobalSection
	GlobalSection(SolutionProperties) = preSolution
		HideSolutionNode = FALSE
	EndGlobalSection
	GlobalSection(NestedProjects) = preSolution
		{C50EA03D-468E-4337-848E-CF2ECD8A4D65} = {1A46C9FF-D835-48D8-A533-DB827E46B42E}
		{8DB39AFF-7E83-4FCB-8FB8-AD0DF0FF6B0A} = {1A46C9FF-D835-48D8-A533-DB827E46B42E}
		{DC791EA2-462D-4BF5-9577-80D4032234D7} = {1A46C9FF-D835-48D8-A533-DB827E46B42E}
		{ED1EE17D-8592-4FAF-B8FC-DE3E2D8AA907} = {1A46C9FF-D835-48D8-A533-DB827E46B42E}
		{92EF5272-260C-43FA-88BF-1C66F7BEE370} = {1A46C9FF-D835-48D8-A533-DB827E46B42E}
	EndGlobalSection
	GlobalSection(ExtensibilityGlobals) = postSolution
		SolutionGuid = {F786F157-37E3-4274-B297-3F3073DD6C66}
	EndGlobalSection
EndGlobal
