
Microsoft Visual Studio Solution File, Format Version 12.00
# Visual Studio Version 17
VisualStudioVersion = 17.9.34723.18
MinimumVisualStudioVersion = 10.0.40219.1
Project("{9A19103F-16F7-4668-BE54-9A1E7A4F7556}") = "EF Core 01. ADO .NET", "EF Core 01. ADO .NET\EF Core 01. ADO .NET.csproj", "{C50EA03D-468E-4337-848E-CF2ECD8A4D65}"
EndProject
Project("{2150E333-8FDC-42A3-9474-1A3956D46DE8}") = "EF Core 01", "EF Core 01", "{1A46C9FF-D835-48D8-A533-DB827E46B42E}"
EndProject
Project("{9A19103F-16F7-4668-BE54-9A1E7A4F7556}") = "EF Core 01. ADO Read Data", "EF Core 01. ADO Read Data\EF Core 01. ADO Read Data.csproj", "{8DB39AFF-7E83-4FCB-8FB8-AD0DF0FF6B0A}"
EndProject
Project("{9A19103F-16F7-4668-BE54-9A1E7A4F7556}") = "EF Core 01. MultiQuery", "EF Core 01. MultiQuery\EF Core 01. MultiQuery.csproj", "{DC791EA2-462D-4BF5-9577-80D4032234D7}"
EndProject
Project("{9A19103F-16F7-4668-BE54-9A1E7A4F7556}") = "EF Core 01. Configuration file", "EF Core 01. Configuration file\EF Core 01. Configuration file.csproj", "{ED1EE17D-8592-4FAF-B8FC-DE3E2D8AA907}"
EndProject
Project("{9A19103F-16F7-4668-BE54-9A1E7A4F7556}") = "EF Core 01. Parametrized Query", "EF Core 01. Parametrized Query\EF Core 01. Parametrized Query.csproj", "{92EF5272-260C-43FA-88BF-1C66F7BEE370}"
EndProject
Project("{2150E333-8FDC-42A3-9474-1A3956D46DE8}") = "EF Core 02", "EF Core 02", "{DF94520E-E418-461E-A84D-EB10F88FD5EB}"
EndProject
Project("{9A19103F-16F7-4668-BE54-9A1E7A4F7556}") = "EF Core 02. Entity Start", "EF Core 02. Entity Start\EF Core 02. Entity Start.csproj", "{92878653-DAE0-40B2-9E15-95271CF6A3E7}"
EndProject
Project("{9A19103F-16F7-4668-BE54-9A1E7A4F7556}") = "EF Core 02. DatabaseFirst", "EF Core 02. DatabaseFirst\EF Core 02. DatabaseFirst.csproj", "{25F5AC48-4B35-4A09-928E-153A5780AEA6}"
EndProject
Project("{9A19103F-16F7-4668-BE54-9A1E7A4F7556}") = "EF Core 02. Database First Sacaffolding", "EF Core 02. Database First Sacaffolding\EF Core 02. Database First Sacaffolding.csproj", "{E5A24795-A664-47B1-BBF6-81EFEF2757F2}"
EndProject
Project("{2150E333-8FDC-42A3-9474-1A3956D46DE8}") = "EF Core 03", "EF Core 03", "{E44879B8-D9DF-4D6F-98F0-BB8A1F83009D}"
EndProject
Project("{9A19103F-16F7-4668-BE54-9A1E7A4F7556}") = "EF Core 03. LINQ For Entity", "EF Core 03. LINQ For Entity\EF Core 03. LINQ For Entity.csproj", "{1C36798B-1493-4917-87B9-BC865CF78F3B}"
EndProject
Project("{2150E333-8FDC-42A3-9474-1A3956D46DE8}") = "EF Core 04", "EF Core 04", "{A973D369-31E3-40E5-BA9B-9B169B79D03B}"
EndProject
Project("{9A19103F-16F7-4668-BE54-9A1E7A4F7556}") = "EF Core 04. Code First. One To One", "EF Core 04. Code First. One To One\EF Core 04. Code First. One To One.csproj", "{A07B94B4-0473-48EC-860D-CB4B868B1098}"
EndProject
Project("{9A19103F-16F7-4668-BE54-9A1E7A4F7556}") = "EF Core 04. Code First. One To Many", "EF Core 04. Code First. One To Many\EF Core 04. Code First. One To Many.csproj", "{571C64BD-A451-444A-805A-6BAC058226AC}"
EndProject
Project("{9A19103F-16F7-4668-BE54-9A1E7A4F7556}") = "EF Core 04. Code First. Many To Many", "EF Core 04. Code First. Many To Many\EF Core 04. Code First. Many To Many.csproj", "{93F7B891-7CEC-4DB2-86EB-6CC0E1E5B24B}"
EndProject
Project("{2150E333-8FDC-42A3-9474-1A3956D46DE8}") = "EF Core 05", "EF Core 05", "{09D86AA0-74C3-4101-8CF6-101ACC88417D}"
EndProject
Project("{9A19103F-16F7-4668-BE54-9A1E7A4F7556}") = "EF Core 05. Annotations", "EF Core 05. Annotations\EF Core 05. Annotations.csproj", "{951C018E-FC56-4FE7-AE1F-08E723B4557A}"
EndProject
Project("{9A19103F-16F7-4668-BE54-9A1E7A4F7556}") = "EF Core 05. Fluent Api", "EF Core 05. Fluent Api\EF Core 05. Fluent Api.csproj", "{5540B195-0815-4183-B80C-CF9F2E59F316}"
EndProject
Project("{2150E333-8FDC-42A3-9474-1A3956D46DE8}") = "EF Core 06", "EF Core 06", "{16947CDC-D96D-4C9A-9565-5AA1A7D07589}"
EndProject
Project("{FAE04EC0-301F-11D3-BF4B-00C04F79EFBC}") = "EF Core 06. C# VS MSSQL datatypes", "EF Core 06. C# VS MSSQL datatypes\EF Core 06. C# VS MSSQL datatypes.csproj", "{70E5E5EC-897A-42BE-9BF7-547C48D96E04}"
EndProject
Project("{FAE04EC0-301F-11D3-BF4B-00C04F79EFBC}") = "EF Core 06. Migrations", "EF Core 06. Migrations\EF Core 06. Migrations.csproj", "{3C8BE0AE-076C-42D4-A4DF-1F76F2AF8BC4}"
EndProject
Global
	GlobalSection(SolutionConfigurationPlatforms) = preSolution
		Debug|Any CPU = Debug|Any CPU
		Release|Any CPU = Release|Any CPU
	EndGlobalSection
	GlobalSection(ProjectConfigurationPlatforms) = postSolution
		{C50EA03D-468E-4337-848E-CF2ECD8A4D65}.Debug|Any CPU.ActiveCfg = Debug|Any CPU
		{C50EA03D-468E-4337-848E-CF2ECD8A4D65}.Debug|Any CPU.Build.0 = Debug|Any CPU
		{C50EA03D-468E-4337-848E-CF2ECD8A4D65}.Release|Any CPU.ActiveCfg = Release|Any CPU
		{C50EA03D-468E-4337-848E-CF2ECD8A4D65}.Release|Any CPU.Build.0 = Release|Any CPU
		{8DB39AFF-7E83-4FCB-8FB8-AD0DF0FF6B0A}.Debug|Any CPU.ActiveCfg = Debug|Any CPU
		{8DB39AFF-7E83-4FCB-8FB8-AD0DF0FF6B0A}.Debug|Any CPU.Build.0 = Debug|Any CPU
		{8DB39AFF-7E83-4FCB-8FB8-AD0DF0FF6B0A}.Release|Any CPU.ActiveCfg = Release|Any CPU
		{8DB39AFF-7E83-4FCB-8FB8-AD0DF0FF6B0A}.Release|Any CPU.Build.0 = Release|Any CPU
		{DC791EA2-462D-4BF5-9577-80D4032234D7}.Debug|Any CPU.ActiveCfg = Debug|Any CPU
		{DC791EA2-462D-4BF5-9577-80D4032234D7}.Debug|Any CPU.Build.0 = Debug|Any CPU
		{DC791EA2-462D-4BF5-9577-80D4032234D7}.Release|Any CPU.ActiveCfg = Release|Any CPU
		{DC791EA2-462D-4BF5-9577-80D4032234D7}.Release|Any CPU.Build.0 = Release|Any CPU
		{ED1EE17D-8592-4FAF-B8FC-DE3E2D8AA907}.Debug|Any CPU.ActiveCfg = Debug|Any CPU
		{ED1EE17D-8592-4FAF-B8FC-DE3E2D8AA907}.Debug|Any CPU.Build.0 = Debug|Any CPU
		{ED1EE17D-8592-4FAF-B8FC-DE3E2D8AA907}.Release|Any CPU.ActiveCfg = Release|Any CPU
		{ED1EE17D-8592-4FAF-B8FC-DE3E2D8AA907}.Release|Any CPU.Build.0 = Release|Any CPU
		{92EF5272-260C-43FA-88BF-1C66F7BEE370}.Debug|Any CPU.ActiveCfg = Debug|Any CPU
		{92EF5272-260C-43FA-88BF-1C66F7BEE370}.Debug|Any CPU.Build.0 = Debug|Any CPU
		{92EF5272-260C-43FA-88BF-1C66F7BEE370}.Release|Any CPU.ActiveCfg = Release|Any CPU
		{92EF5272-260C-43FA-88BF-1C66F7BEE370}.Release|Any CPU.Build.0 = Release|Any CPU
		{92878653-DAE0-40B2-9E15-95271CF6A3E7}.Debug|Any CPU.ActiveCfg = Debug|Any CPU
		{92878653-DAE0-40B2-9E15-95271CF6A3E7}.Debug|Any CPU.Build.0 = Debug|Any CPU
		{92878653-DAE0-40B2-9E15-95271CF6A3E7}.Release|Any CPU.ActiveCfg = Release|Any CPU
		{92878653-DAE0-40B2-9E15-95271CF6A3E7}.Release|Any CPU.Build.0 = Release|Any CPU
		{25F5AC48-4B35-4A09-928E-153A5780AEA6}.Debug|Any CPU.ActiveCfg = Debug|Any CPU
		{25F5AC48-4B35-4A09-928E-153A5780AEA6}.Debug|Any CPU.Build.0 = Debug|Any CPU
		{25F5AC48-4B35-4A09-928E-153A5780AEA6}.Release|Any CPU.ActiveCfg = Release|Any CPU
		{25F5AC48-4B35-4A09-928E-153A5780AEA6}.Release|Any CPU.Build.0 = Release|Any CPU
		{E5A24795-A664-47B1-BBF6-81EFEF2757F2}.Debug|Any CPU.ActiveCfg = Debug|Any CPU
		{E5A24795-A664-47B1-BBF6-81EFEF2757F2}.Debug|Any CPU.Build.0 = Debug|Any CPU
		{E5A24795-A664-47B1-BBF6-81EFEF2757F2}.Release|Any CPU.ActiveCfg = Release|Any CPU
		{E5A24795-A664-47B1-BBF6-81EFEF2757F2}.Release|Any CPU.Build.0 = Release|Any CPU
		{1C36798B-1493-4917-87B9-BC865CF78F3B}.Debug|Any CPU.ActiveCfg = Debug|Any CPU
		{1C36798B-1493-4917-87B9-BC865CF78F3B}.Debug|Any CPU.Build.0 = Debug|Any CPU
		{1C36798B-1493-4917-87B9-BC865CF78F3B}.Release|Any CPU.ActiveCfg = Release|Any CPU
		{1C36798B-1493-4917-87B9-BC865CF78F3B}.Release|Any CPU.Build.0 = Release|Any CPU
		{A07B94B4-0473-48EC-860D-CB4B868B1098}.Debug|Any CPU.ActiveCfg = Debug|Any CPU
		{A07B94B4-0473-48EC-860D-CB4B868B1098}.Debug|Any CPU.Build.0 = Debug|Any CPU
		{A07B94B4-0473-48EC-860D-CB4B868B1098}.Release|Any CPU.ActiveCfg = Release|Any CPU
		{A07B94B4-0473-48EC-860D-CB4B868B1098}.Release|Any CPU.Build.0 = Release|Any CPU
		{571C64BD-A451-444A-805A-6BAC058226AC}.Debug|Any CPU.ActiveCfg = Debug|Any CPU
		{571C64BD-A451-444A-805A-6BAC058226AC}.Debug|Any CPU.Build.0 = Debug|Any CPU
		{571C64BD-A451-444A-805A-6BAC058226AC}.Release|Any CPU.ActiveCfg = Release|Any CPU
		{571C64BD-A451-444A-805A-6BAC058226AC}.Release|Any CPU.Build.0 = Release|Any CPU
		{93F7B891-7CEC-4DB2-86EB-6CC0E1E5B24B}.Debug|Any CPU.ActiveCfg = Debug|Any CPU
		{93F7B891-7CEC-4DB2-86EB-6CC0E1E5B24B}.Debug|Any CPU.Build.0 = Debug|Any CPU
		{93F7B891-7CEC-4DB2-86EB-6CC0E1E5B24B}.Release|Any CPU.ActiveCfg = Release|Any CPU
		{93F7B891-7CEC-4DB2-86EB-6CC0E1E5B24B}.Release|Any CPU.Build.0 = Release|Any CPU
		{951C018E-FC56-4FE7-AE1F-08E723B4557A}.Debug|Any CPU.ActiveCfg = Debug|Any CPU
		{951C018E-FC56-4FE7-AE1F-08E723B4557A}.Debug|Any CPU.Build.0 = Debug|Any CPU
		{951C018E-FC56-4FE7-AE1F-08E723B4557A}.Release|Any CPU.ActiveCfg = Release|Any CPU
		{951C018E-FC56-4FE7-AE1F-08E723B4557A}.Release|Any CPU.Build.0 = Release|Any CPU
		{5540B195-0815-4183-B80C-CF9F2E59F316}.Debug|Any CPU.ActiveCfg = Debug|Any CPU
		{5540B195-0815-4183-B80C-CF9F2E59F316}.Debug|Any CPU.Build.0 = Debug|Any CPU
		{5540B195-0815-4183-B80C-CF9F2E59F316}.Release|Any CPU.ActiveCfg = Release|Any CPU
		{5540B195-0815-4183-B80C-CF9F2E59F316}.Release|Any CPU.Build.0 = Release|Any CPU
		{70E5E5EC-897A-42BE-9BF7-547C48D96E04}.Debug|Any CPU.ActiveCfg = Debug|Any CPU
		{70E5E5EC-897A-42BE-9BF7-547C48D96E04}.Debug|Any CPU.Build.0 = Debug|Any CPU
		{70E5E5EC-897A-42BE-9BF7-547C48D96E04}.Release|Any CPU.ActiveCfg = Release|Any CPU
		{70E5E5EC-897A-42BE-9BF7-547C48D96E04}.Release|Any CPU.Build.0 = Release|Any CPU
		{3C8BE0AE-076C-42D4-A4DF-1F76F2AF8BC4}.Debug|Any CPU.ActiveCfg = Debug|Any CPU
		{3C8BE0AE-076C-42D4-A4DF-1F76F2AF8BC4}.Debug|Any CPU.Build.0 = Debug|Any CPU
		{3C8BE0AE-076C-42D4-A4DF-1F76F2AF8BC4}.Release|Any CPU.ActiveCfg = Release|Any CPU
		{3C8BE0AE-076C-42D4-A4DF-1F76F2AF8BC4}.Release|Any CPU.Build.0 = Release|Any CPU
	EndGlobalSection
	GlobalSection(SolutionProperties) = preSolution
		HideSolutionNode = FALSE
	EndGlobalSection
	GlobalSection(NestedProjects) = preSolution
		{C50EA03D-468E-4337-848E-CF2ECD8A4D65} = {1A46C9FF-D835-48D8-A533-DB827E46B42E}
		{8DB39AFF-7E83-4FCB-8FB8-AD0DF0FF6B0A} = {1A46C9FF-D835-48D8-A533-DB827E46B42E}
		{DC791EA2-462D-4BF5-9577-80D4032234D7} = {1A46C9FF-D835-48D8-A533-DB827E46B42E}
		{ED1EE17D-8592-4FAF-B8FC-DE3E2D8AA907} = {1A46C9FF-D835-48D8-A533-DB827E46B42E}
		{92EF5272-260C-43FA-88BF-1C66F7BEE370} = {1A46C9FF-D835-48D8-A533-DB827E46B42E}
		{92878653-DAE0-40B2-9E15-95271CF6A3E7} = {DF94520E-E418-461E-A84D-EB10F88FD5EB}
		{25F5AC48-4B35-4A09-928E-153A5780AEA6} = {DF94520E-E418-461E-A84D-EB10F88FD5EB}
		{E5A24795-A664-47B1-BBF6-81EFEF2757F2} = {DF94520E-E418-461E-A84D-EB10F88FD5EB}
		{1C36798B-1493-4917-87B9-BC865CF78F3B} = {E44879B8-D9DF-4D6F-98F0-BB8A1F83009D}
		{A07B94B4-0473-48EC-860D-CB4B868B1098} = {A973D369-31E3-40E5-BA9B-9B169B79D03B}
		{571C64BD-A451-444A-805A-6BAC058226AC} = {A973D369-31E3-40E5-BA9B-9B169B79D03B}
		{93F7B891-7CEC-4DB2-86EB-6CC0E1E5B24B} = {A973D369-31E3-40E5-BA9B-9B169B79D03B}
		{951C018E-FC56-4FE7-AE1F-08E723B4557A} = {09D86AA0-74C3-4101-8CF6-101ACC88417D}
		{5540B195-0815-4183-B80C-CF9F2E59F316} = {09D86AA0-74C3-4101-8CF6-101ACC88417D}
		{70E5E5EC-897A-42BE-9BF7-547C48D96E04} = {16947CDC-D96D-4C9A-9565-5AA1A7D07589}
	EndGlobalSection
	GlobalSection(ExtensibilityGlobals) = postSolution
		SolutionGuid = {F786F157-37E3-4274-B297-3F3073DD6C66}
	EndGlobalSection
EndGlobal
